
Microsoft Visual Studio Solution File, Format Version 12.00
# Visual Studio Version 17
VisualStudioVersion = 17.10.35013.160
MinimumVisualStudioVersion = 10.0.40219.1
Project("{FAE04EC0-301F-11D3-BF4B-00C04F79EFBC}") = "Invoice Billing System", "Invoice Billing System.csproj", "{DA8B4256-F5A8-4826-9361-261C651C3613}"
EndProject
Global
	GlobalSection(SolutionConfigurationPlatforms) = preSolution
		Debug|Any CPU = Debug|Any CPU
		Release|Any CPU = Release|Any CPU
	EndGlobalSection
	GlobalSection(ProjectConfigurationPlatforms) = postSolution
		{DA8B4256-F5A8-4826-9361-261C651C3613}.Debug|Any CPU.ActiveCfg = Debug|Any CPU
		{DA8B4256-F5A8-4826-9361-261C651C3613}.Debug|Any CPU.Build.0 = Debug|Any CPU
		{DA8B4256-F5A8-4826-9361-261C651C3613}.Release|Any CPU.ActiveCfg = Release|Any CPU
		{DA8B4256-F5A8-4826-9361-261C651C3613}.Release|Any CPU.Build.0 = Release|Any CPU
	EndGlobalSection
	GlobalSection(SolutionProperties) = preSolution
		HideSolutionNode = FALSE
	EndGlobalSection
	GlobalSection(ExtensibilityGlobals) = postSolution
		SolutionGuid = {A9141DF6-AAD8-4F22-A29D-F755C2161F22}
	EndGlobalSection
EndGlobal
